
Microsoft Visual Studio Solution File, Format Version 12.00
# Visual Studio Version 17
VisualStudioVersion = 17.0.31912.275
MinimumVisualStudioVersion = 10.0.40219.1
Project("{FAE04EC0-301F-11D3-BF4B-00C04F79EFBC}") = "SzmutkoBenceSakk", "SzmutkoBenceSakk\SzmutkoBenceSakk.csproj", "{6445628B-1A89-4A61-923B-91609A5EBE37}"
EndProject
Global
	GlobalSection(SolutionConfigurationPlatforms) = preSolution
		Debug|Any CPU = Debug|Any CPU
		Release|Any CPU = Release|Any CPU
	EndGlobalSection
	GlobalSection(ProjectConfigurationPlatforms) = postSolution
		{6445628B-1A89-4A61-923B-91609A5EBE37}.Debug|Any CPU.ActiveCfg = Debug|Any CPU
		{6445628B-1A89-4A61-923B-91609A5EBE37}.Debug|Any CPU.Build.0 = Debug|Any CPU
		{6445628B-1A89-4A61-923B-91609A5EBE37}.Release|Any CPU.ActiveCfg = Release|Any CPU
		{6445628B-1A89-4A61-923B-91609A5EBE37}.Release|Any CPU.Build.0 = Release|Any CPU
	EndGlobalSection
	GlobalSection(SolutionProperties) = preSolution
		HideSolutionNode = FALSE
	EndGlobalSection
	GlobalSection(ExtensibilityGlobals) = postSolution
		SolutionGuid = {158A6378-CE27-4661-9641-CA5598BBF7DE}
	EndGlobalSection
EndGlobal
